
Microsoft Visual Studio Solution File, Format Version 12.00
# Visual Studio 15
VisualStudioVersion = 15.0.27130.2036
MinimumVisualStudioVersion = 10.0.40219.1
Project("{FAE04EC0-301F-11D3-BF4B-00C04F79EFBC}") = "Library.DataAccessLayer", "Library.DataAccessLayer\Library.DataAccessLayer.csproj", "{3D58096A-0C52-4A6C-8057-DEA11435AA5D}"
EndProject
Project("{FAE04EC0-301F-11D3-BF4B-00C04F79EFBC}") = "Library.BusinessLogicLayer", "Library.BusinessLogicLayer\Library.BusinessLogicLayer.csproj", "{A7215910-CA48-4404-A302-DBC68568E93B}"
EndProject
Project("{FAE04EC0-301F-11D3-BF4B-00C04F79EFBC}") = "Library.WEB", "Library.WEB\Library.WEB.csproj", "{DF11ACF4-BD78-4CF9-84C8-77B2F5D61168}"
EndProject
Project("{FAE04EC0-301F-11D3-BF4B-00C04F79EFBC}") = "Library.EntityLayer", "Library.EntityLayer\Library.EntityLayer.csproj", "{7471101B-4FA2-469A-9C3E-287C2226F6CB}"
EndProject
Project("{FAE04EC0-301F-11D3-BF4B-00C04F79EFBC}") = "Library.ViewModelLayer", "Library.ViewModelLayer\Library.ViewModelLayer.csproj", "{EE2724B5-B05C-49EC-A97C-EB0A40A3CD43}"
EndProject
Global
	GlobalSection(SolutionConfigurationPlatforms) = preSolution
		Debug|Any CPU = Debug|Any CPU
		Release|Any CPU = Release|Any CPU
	EndGlobalSection
	GlobalSection(ProjectConfigurationPlatforms) = postSolution
		{3D58096A-0C52-4A6C-8057-DEA11435AA5D}.Debug|Any CPU.ActiveCfg = Debug|Any CPU
		{3D58096A-0C52-4A6C-8057-DEA11435AA5D}.Debug|Any CPU.Build.0 = Debug|Any CPU
		{3D58096A-0C52-4A6C-8057-DEA11435AA5D}.Release|Any CPU.ActiveCfg = Release|Any CPU
		{3D58096A-0C52-4A6C-8057-DEA11435AA5D}.Release|Any CPU.Build.0 = Release|Any CPU
		{A7215910-CA48-4404-A302-DBC68568E93B}.Debug|Any CPU.ActiveCfg = Debug|Any CPU
		{A7215910-CA48-4404-A302-DBC68568E93B}.Debug|Any CPU.Build.0 = Debug|Any CPU
		{A7215910-CA48-4404-A302-DBC68568E93B}.Release|Any CPU.ActiveCfg = Release|Any CPU
		{A7215910-CA48-4404-A302-DBC68568E93B}.Release|Any CPU.Build.0 = Release|Any CPU
		{DF11ACF4-BD78-4CF9-84C8-77B2F5D61168}.Debug|Any CPU.ActiveCfg = Debug|Any CPU
		{DF11ACF4-BD78-4CF9-84C8-77B2F5D61168}.Debug|Any CPU.Build.0 = Debug|Any CPU
		{DF11ACF4-BD78-4CF9-84C8-77B2F5D61168}.Release|Any CPU.ActiveCfg = Release|Any CPU
		{DF11ACF4-BD78-4CF9-84C8-77B2F5D61168}.Release|Any CPU.Build.0 = Release|Any CPU
		{7471101B-4FA2-469A-9C3E-287C2226F6CB}.Debug|Any CPU.ActiveCfg = Debug|Any CPU
		{7471101B-4FA2-469A-9C3E-287C2226F6CB}.Debug|Any CPU.Build.0 = Debug|Any CPU
		{7471101B-4FA2-469A-9C3E-287C2226F6CB}.Release|Any CPU.ActiveCfg = Release|Any CPU
		{7471101B-4FA2-469A-9C3E-287C2226F6CB}.Release|Any CPU.Build.0 = Release|Any CPU
		{EE2724B5-B05C-49EC-A97C-EB0A40A3CD43}.Debug|Any CPU.ActiveCfg = Debug|Any CPU
		{EE2724B5-B05C-49EC-A97C-EB0A40A3CD43}.Debug|Any CPU.Build.0 = Debug|Any CPU
		{EE2724B5-B05C-49EC-A97C-EB0A40A3CD43}.Release|Any CPU.ActiveCfg = Release|Any CPU
		{EE2724B5-B05C-49EC-A97C-EB0A40A3CD43}.Release|Any CPU.Build.0 = Release|Any CPU
	EndGlobalSection
	GlobalSection(SolutionProperties) = preSolution
		HideSolutionNode = FALSE
	EndGlobalSection
	GlobalSection(ExtensibilityGlobals) = postSolution
		SolutionGuid = {963E28D4-D49B-48FC-9A44-C5C491E94262}
	EndGlobalSection
EndGlobal
